<?xml version="1.0" encoding="UTF-8" standalone="yes" ?>
<CodeBlocks_project_file>
	<FileVersion major="1" minor="6" />
	<Project>
		<Option title="stm32-network-rs232" />
		<Option pch_mode="2" />
		<Option compiler="arm-elf-gcc" />
		<Build>
			<Target title="Debug">
				<Option output="build/bin/Debug/stm32-network-rs232" prefix_auto="1" extension_auto="1" />
				<Option object_output="build/obj/Debug/" />
				<Option type="1" />
				<Option compiler="arm-elf-gcc" />
				<Compiler>
					<Add option="-g" />
				</Compiler>
			</Target>
			<Target title="Release">
				<Option output="build/bin/Release/stm32-network-rs232" prefix_auto="1" extension_auto="1" />
				<Option object_output="build/obj/Release/" />
				<Option type="1" />
				<Option compiler="arm-elf-gcc" />
				<Compiler>
					<Add option="-O2" />
				</Compiler>
				<Linker>
					<Add option="-s" />
				</Linker>
			</Target>
		</Build>
		<Compiler>
			<Add option="-Wall" />
		</Compiler>
		<Unit filename=".gitignore" />
		<Unit filename="CMakeLists.txt" />
		<Unit filename="README.md" />
		<Unit filename="build.sh" />
		<Unit filename="debug.c">
			<Option compilerVar="CC" />
		</Unit>
		<Unit filename="debug.h" />
		<Unit filename="delay.c">
			<Option compilerVar="CC" />
		</Unit>
		<Unit filename="delay.h" />
		<Unit filename="gcc_stm32.cmake" />
		<Unit filename="interrupts.c">
			<Option compilerVar="CC" />
		</Unit>
		<Unit filename="main.c">
			<Option compilerVar="CC" />
		</Unit>
		<Unit filename="network.c">
			<Option compilerVar="CC" />
		</Unit>
		<Unit filename="network.h" />
		<Unit filename="platform_config.h" />
		<Unit filename="ring_buffer.c">
			<Option compilerVar="CC" />
		</Unit>
		<Unit filename="ring_buffer.h" />
		<Unit filename="run-cmake.sh" />
		<Unit filename="stm32_flash.ld.in" />
		<Unit filename="stm32f10x_conf.h" />
		<Unit filename="system_stm32f10x.c">
			<Option compilerVar="CC" />
		</Unit>
		<Unit filename="time.c">
			<Option compilerVar="CC" />
		</Unit>
		<Unit filename="time.h" />
		<Unit filename="uip/clock-arch.c">
			<Option compilerVar="CC" />
		</Unit>
		<Unit filename="uip/clock-arch.h" />
		<Unit filename="uip/clock.h" />
		<Unit filename="uip/enc28j60.c">
			<Option compilerVar="CC" />
		</Unit>
		<Unit filename="uip/enc28j60.h" />
		<Unit filename="uip/enc28j60_constants.h" />
		<Unit filename="uip/lc-addrlabels.h" />
		<Unit filename="uip/lc-switch.h" />
		<Unit filename="uip/lc.h" />
		<Unit filename="uip/psock.c">
			<Option compilerVar="CC" />
		</Unit>
		<Unit filename="uip/psock.h" />
		<Unit filename="uip/pt.h" />
		<Unit filename="uip/timer.c">
			<Option compilerVar="CC" />
		</Unit>
		<Unit filename="uip/timer.h" />
		<Unit filename="uip/uip-conf.h" />
		<Unit filename="uip/uip-fw.c">
			<Option compilerVar="CC" />
		</Unit>
		<Unit filename="uip/uip-fw.h" />
		<Unit filename="uip/uip-neighbor.c">
			<Option compilerVar="CC" />
		</Unit>
		<Unit filename="uip/uip-neighbor.h" />
		<Unit filename="uip/uip-split.c">
			<Option compilerVar="CC" />
		</Unit>
		<Unit filename="uip/uip-split.h" />
		<Unit filename="uip/uip.c">
			<Option compilerVar="CC" />
		</Unit>
		<Unit filename="uip/uip.h" />
		<Unit filename="uip/uip_arch.h" />
		<Unit filename="uip/uip_arp.c">
			<Option compilerVar="CC" />
		</Unit>
		<Unit filename="uip/uip_arp.h" />
		<Unit filename="uip/uiplib.c">
			<Option compilerVar="CC" />
		</Unit>
		<Unit filename="uip/uiplib.h" />
		<Unit filename="uip/uipopt.h" />
		<Extensions>
			<code_completion>
				<search_path add="uip" />
			</code_completion>
			<envvars />
			<lib_finder disable_auto="1" />
			<debugger />
		</Extensions>
	</Project>
</CodeBlocks_project_file>
